{
    "name": "example-app",
    "version": "1.0.0",
    "lockfileVersion": 3,
    "requires": true,
    "packages": {
        "": {
            "name": "example-app",
            "version": "1.0.0",
            "dependencies": {
                "@mnrgreg/transfer-scheduler-sdk": "file:../",
                "dotenv": "^16.4.7"
            }
        },
        "..": {
            "name": "@mnrgreg/transfer-scheduler-sdk",
            "version": "1.0.1",
            "license": "MIT",
            "dependencies": {
                "web3": "^4.1.2"
            },
            "devDependencies": {
                "ts-node": "10.8.1",
                "typescript": "^4.0.0"
            }
        },
        "node_modules/@mnrgreg/transfer-scheduler-sdk": {
            "resolved": "..",
            "link": true
        },
        "node_modules/dotenv": {
            "version": "16.4.7",
            "resolved": "https://registry.npmjs.org/dotenv/-/dotenv-16.4.7.tgz",
            "integrity": "sha512-47qPchRCykZC03FhkYAhrvwU4xDBFIj1QPqaarj6mdM/hgUzfPHcpkHJOn3mJAufFeeAxAzeGsr5X0M4k6fLZQ==",
            "license": "BSD-2-Clause",
            "engines": {
                "node": ">=12"
            },
            "funding": {
                "url": "https://dotenvx.com"
            }
        }
    }
}
